
Microsoft Visual Studio Solution File, Format Version 12.00
# Visual Studio 2013
Project("{FAE04EC0-301F-11D3-BF4B-00C04F79EFBC}") = "MaxstARSDK_Unity_Sample(github).CSharp", "MaxstARSDK_Unity_Sample(github).CSharp.csproj", "{A9403A6D-FCE6-35D7-D5A3-1007A6967621}"
EndProject
Project("{FAE04EC0-301F-11D3-BF4B-00C04F79EFBC}") = "MaxstARSDK_Unity_Sample(github).CSharp.Editor", "MaxstARSDK_Unity_Sample(github).CSharp.Editor.csproj", "{A810E839-1214-1CD2-F9A8-EAE31613CB3C}"
EndProject
Global
	GlobalSection(SolutionConfigurationPlatforms) = preSolution
		Debug|Any CPU = Debug|Any CPU
		Release|Any CPU = Release|Any CPU
	EndGlobalSection
	GlobalSection(ProjectConfigurationPlatforms) = postSolution
		{A9403A6D-FCE6-35D7-D5A3-1007A6967621}.Debug|Any CPU.ActiveCfg = Debug|Any CPU
		{A9403A6D-FCE6-35D7-D5A3-1007A6967621}.Debug|Any CPU.Build.0 = Debug|Any CPU
		{A9403A6D-FCE6-35D7-D5A3-1007A6967621}.Release|Any CPU.ActiveCfg = Release|Any CPU
		{A9403A6D-FCE6-35D7-D5A3-1007A6967621}.Release|Any CPU.Build.0 = Release|Any CPU
		{A810E839-1214-1CD2-F9A8-EAE31613CB3C}.Debug|Any CPU.ActiveCfg = Debug|Any CPU
		{A810E839-1214-1CD2-F9A8-EAE31613CB3C}.Debug|Any CPU.Build.0 = Debug|Any CPU
		{A810E839-1214-1CD2-F9A8-EAE31613CB3C}.Release|Any CPU.ActiveCfg = Release|Any CPU
		{A810E839-1214-1CD2-F9A8-EAE31613CB3C}.Release|Any CPU.Build.0 = Release|Any CPU
	EndGlobalSection
	GlobalSection(SolutionProperties) = preSolution
		HideSolutionNode = FALSE
	EndGlobalSection
EndGlobal
